lockfileVersion: '6.1'

settings:
  autoInstallPeers: true
  excludeLinksFromLockfile: false

dependencies:
  chalk:
    specifier: ^5.2.0
    version: 5.2.0
  commander:
    specifier: ^10.0.1
    version: 10.0.1
  cross-spawn:
    specifier: ^7.0.3
    version: 7.0.3
  dns:
    specifier: ^0.2.2
    version: 0.2.2
  fs-extra:
    specifier: ^11.1.1
    version: 11.1.1
  hyperquest:
    specifier: ^2.1.3
    version: 2.1.3
  prompts:
    specifier: ^2.4.2
    version: 2.4.2
  semver:
    specifier: ^7.5.1
    version: 7.5.1
  tar-pack:
    specifier: ^3.4.1
    version: 3.4.1
  tmp:
    specifier: ^0.2.1
    version: 0.2.1
  url:
    specifier: ^0.11.0
    version: 0.11.0
  validate-npm-package-name:
    specifier: ^5.0.0
    version: 5.0.0

devDependencies:
  typescript:
    specifier: ^5.0.4
    version: 5.0.4

packages:

  /accepts@1.0.7:
    resolution: {integrity: sha512-iq8ew2zitUlNcUca0wye3fYwQ6sSPItDo38oC0R+XA5KTzeXRN+GF7NjOXs3dVItj4J+gQVdpq4/qbnMb1hMHw==}
    engines: {node: '>= 0.8.0'}
    dependencies:
      mime-types: 1.0.2
      negotiator: 0.4.7
    dev: false

  /after@0.8.1:
    resolution: {integrity: sha512-SuI3vWhCFeSmkmmJ3efyuOkrhGyp/AuHthh3F5DinGYh2kR9t/0xUlm3/Vn2qMScfgg+cKho5fW7TUEYUhYeiA==}
    dev: false

  /arraybuffer.slice@0.0.6:
    resolution: {integrity: sha512-6ZjfQaBSy6CuIH0+B0NrxMfDE5VIOCP/5gOqSpEIsaAZx9/giszzrXg6PZ7G51U/n88UmlAgYLNQ9wAnII7PJA==}
    dev: false

  /assert-plus@1.0.0:
    resolution: {integrity: sha512-NfJ4UzBCcQGLDlQq7nHxH+tv3kyZ0hHQqF5BO6J7tNJeP5do1llPr8dZ8zHonfhAu0PHAdMkSo+8o0wxg9lZWw==}
    engines: {node: '>=0.8'}
    dev: false

  /async@0.2.10:
    resolution: {integrity: sha512-eAkdoKxU6/LkKDBzLpT+t6Ff5EtfSF4wx1WfJiPEEV7WNLnDaRXk0oVysiEPm262roaachGexwUv94WhSgN5TQ==}
    dev: false

  /aws-sign@0.2.0:
    resolution: {integrity: sha512-6P7/Ls5F6++DsKu7iacris7qq/AZSWaX+gT4dtSyUxM82ePxWxaP7Slo82ZO3ZTx6GSKxQHAQlmFvM8e+Dd8ZA==}
    dev: false

  /balanced-match@1.0.2:
    resolution: {integrity: sha512-3oSeUO0TMV67hN1AmbXsK4yaqU7tjiHlbxRDZOpH0KW9+CeX4bRAaX0Anxt0tx2MrpRpWwQaPwIlISEJhYU5Pw==}
    dev: false

  /base64-arraybuffer@0.1.2:
    resolution: {integrity: sha512-ewBKKVVPIl78B26mYQHYlaxR7NydMiD/GxwLNIwTAfLIE4xhN2Gxcy30//azq5UrejXjzGpWjcBu3NUJxzMMzg==}
    engines: {node: '>= 0.6.0'}
    dev: false

  /base64id@0.1.0:
    resolution: {integrity: sha512-DSjtfjhAsHl9J4OJj7e4+toV2zqxJrGwVd3CLlsCp8QmicvOn7irG0Mb8brOc/nur3SdO8lIbNlY1s1ZDJdUKQ==}
    engines: {node: '>= 0.4.0'}
    dev: false

  /basic-auth@1.0.0:
    resolution: {integrity: sha512-qzxS7/bW/LSiKZzdZw3isPjiVmzXbJLM3ImZZ62WMR3oJQAyqy094Nnb0TA2ZZm65xB7nu0acfTQ99z7wwCDCw==}
    dev: false

  /better-assert@1.0.2:
    resolution: {integrity: sha512-bYeph2DFlpK1XmGs6fvlLRUN29QISM3GBuUwSFsMY2XRx4AvC0WNCS57j4c/xGrK2RS24C1w3YoBOsw9fT46tQ==}
    dependencies:
      callsite: 1.0.0
    dev: false

  /binaryheap@0.0.3:
    resolution: {integrity: sha512-9JFb4Yt5R9FZwbJaxOayF+T5sxn5eiU2NA9/LOeI1g2FUFRTdxpdmWppikO4O5AbNze8s0sL6ZuFxB1y4Ay8GA==}
    engines: {node: '>= 0.6.0'}
    dev: false

  /blob@0.0.2:
    resolution: {integrity: sha512-BoCcDt8zBGShn6DawAGQw37s9SSs+fEjiZWDzyB+841PbOogcR2X7LGlM4sR3Zsiq/zoyl8MFWDfN6oDSlveBQ==}
    dev: false

  /block-stream@0.0.9:
    resolution: {integrity: sha512-OorbnJVPII4DuUKbjARAe8u8EfqOmkEEaSFIyoQ7OjTHn6kafxWl0wLgoZ2rXaYd7MyLcDaU4TmhfxtwgcccMQ==}
    engines: {node: 0.4 || >=0.5.8}
    dependencies:
      inherits: 2.0.4
    dev: false

  /body-parser@1.5.0:
    resolution: {integrity: sha512-UJfZike68QN1mdo0mA+Z0y+0qi10oxOrCPw2CZpP73O/LIfEWHDy9SHhwsME1mdk1WmnltBLddUkfBpuKPH4Ng==}
    engines: {node: '>= 0.8'}
    dependencies:
      bytes: 1.0.0
      depd: 0.4.2
      iconv-lite: 0.4.4
      media-typer: 0.2.0
      qs: 0.6.6
      raw-body: 1.3.0
      type-is: 1.3.2
    dev: false

  /boom@0.3.8:
    resolution: {integrity: sha512-wTAE8aPTB971DLEE1Xfaw/5uSDqm7wGEJqUIza150BTelZieRvvzkLZO7fK3BeaiYClpJ5OYunQHqp5Jp7xrSQ==}
    engines: {node: 0.8.x}
    deprecated: This version has been deprecated in accordance with the hapi support policy (hapi.im/support). Please upgrade to the latest version to get the best features, bug fixes, and security patches. If you are unable to upgrade at this time, paid support is available for older versions (hapi.im/commercial).
    dependencies:
      hoek: 0.7.6
    dev: false

  /brace-expansion@1.1.11:
    resolution: {integrity: sha512-iCuPHDFgrHX7H2vEI/5xpz07zSHB00TpugqhmYtVmMO6518mCuRMoOYFldEBl0g187ufozdaHgWKcYFb61qGiA==}
    dependencies:
      balanced-match: 1.0.2
      concat-map: 0.0.1
    dev: false

  /buffer-crc32@0.2.3:
    resolution: {integrity: sha512-HLvoSqq1z8fJEcT1lUlJZ4OJaXJZ1wsWm0+fBxkz9Bdf/WphA4Da7FtGUguNNyEXL4WB0hNMTaWmdFRFPy8YOQ==}
    dev: false

  /buffer-from@0.1.2:
    resolution: {integrity: sha512-RiWIenusJsmI2KcvqQABB83tLxCByE3upSP8QU3rJDMVFGPWLvPQJt/O1Su9moRWeH7d+Q2HYb68f6+v+tw2vg==}
    dev: false

  /buffercursor@0.0.12:
    resolution: {integrity: sha512-Z+6Jm/eW6ITeqcFQKVXX7LYIGk7rENqCKHJ4CbWfJMeLpQZJj1v70WehkLmp+1kFN/QyCgpQ3Z0dKUHAwSbf9w==}
    engines: {node: '>= 0.5.0'}
    dependencies:
      verror: 1.10.1
    dev: false

  /builtins@5.0.1:
    resolution: {integrity: sha512-qwVpFEHNfhYJIzNRBvd2C1kyo6jz3ZSMPyyuR47OPdiKWlbYnZNyDWuyR175qDnAJLiCo5fBBqPb3RiXgWlkOQ==}
    dependencies:
      semver: 7.5.1
    dev: false

  /bytes@1.0.0:
    resolution: {integrity: sha512-/x68VkHLeTl3/Ll8IvxdwzhrT+IyKc52e/oyHhA2RwqPqswSnjVbSddfPRwAsJtbilMAPSRWwAlpxdYsSWOTKQ==}
    dev: false

  /callsite@1.0.0:
    resolution: {integrity: sha512-0vdNRFXn5q+dtOqjfFtmtlI9N2eVZ7LMyEV2iKC5mEEFvSg/69Ml6b/WU2qF8W1nLRa0wiSrDT3Y5jOHZCwKPQ==}
    dev: false

  /chalk@5.2.0:
    resolution: {integrity: sha512-ree3Gqw/nazQAPuJJEy+avdl7QfZMcUvmHIKgEZkGL+xOBzRvup5Hxo6LHuMceSxOabuJLJm5Yp/92R9eMmMvA==}
    engines: {node: ^12.17.0 || ^14.13 || >=16.0.0}
    dev: false

  /colors@0.6.2:
    resolution: {integrity: sha512-OsSVtHK8Ir8r3+Fxw/b4jS1ZLPXkV6ZxDRJQzeD7qo0SqMXWrHDM71DgYzPMHY8SFJ0Ao+nNU2p1MmwdzKqPrw==}
    engines: {node: '>=0.1.90'}
    dev: false

  /combined-stream@0.0.7:
    resolution: {integrity: sha512-qfexlmLp9MyrkajQVyjEDb0Vj+KhRgR/rxLiVhaihlT+ZkX0lReqtH6Ack40CvMDERR4b5eFp3CreskpBs1Pig==}
    engines: {node: '>= 0.8'}
    dependencies:
      delayed-stream: 0.0.5
    dev: false

  /commander@0.6.1:
    resolution: {integrity: sha512-0fLycpl1UMTGX257hRsu/arL/cUbcvQM4zMKwvLvzXtfdezIV4yotPS2dYtknF+NmEfWSoCEF6+hj9XLm/6hEw==}
    engines: {node: '>= 0.4.x'}
    dev: false

  /commander@10.0.1:
    resolution: {integrity: sha512-y4Mg2tXshplEbSGzx7amzPwKKOCGuoSRP/CjEdwwk0FOGlUbq6lKuoyDZTNZkmxHdJtp54hdfY/JUrdL7Xfdug==}
    engines: {node: '>=14'}
    dev: false

  /component-bind@1.0.0:
    resolution: {integrity: sha512-WZveuKPeKAG9qY+FkYDeADzdHyTYdIboXS59ixDeRJL5ZhxpqUnxSOwop4FQjMsiYm3/Or8cegVbpAHNA7pHxw==}
    dev: false

  /component-emitter@1.1.2:
    resolution: {integrity: sha512-YhIbp3PJiznERfjlIkK0ue4obZxt2S60+0W8z24ZymOHT8sHloOqWOqZRU2eN5OlY8U08VFsP02letcu26FilA==}
    dev: false

  /component-inherit@0.0.3:
    resolution: {integrity: sha512-w+LhYREhatpVqTESyGFg3NlP6Iu0kEKUHETY9GoZP/pQyW4mHFZuFWRUCIqVPZ36ueVLtoOEZaAqbCF2RDndaA==}
    dev: false

  /concat-map@0.0.1:
    resolution: {integrity: sha512-/Srv4dswyQNBfohGpz9o6Yb3Gz3SrUDqBH5rTuhGR7ahtlbYKnVxw2bCFMRljaA7EXHaXZ8wsHdodFvbkhKmqg==}
    dev: false

  /connect@3.0.2:
    resolution: {integrity: sha512-k3kqw6T2Fc5ihvh5VVjwuJHA++qvh0/rPfe2GkJ5QNSQ9tRigQXMjtX2CYf73KZFe4+IV3HfQ3VR3W+nkt0eWQ==}
    engines: {node: '>= 0.10.0'}
    dependencies:
      debug: 1.0.3
      finalhandler: 0.0.2
      parseurl: 1.1.3
      utils-merge: 1.0.0
    transitivePeerDependencies:
      - supports-color
    dev: false

  /cookie-jar@0.2.0:
    resolution: {integrity: sha512-yImk9AY90xjoUsN2fWHoIhVgveXqiZv7LDqUTZEzVBHyzfay8AjcJITUZpz2fTYLh6rnP+7GogiuRCo/5j2epg==}
    dev: false

  /cookie-signature@1.0.4:
    resolution: {integrity: sha512-k+lrG38ZC/S7zN6l1/HcF6xF4jMwkIUjnr5afDU7tzFxIfDmKzdqJdXo8HNYaXOuBJ3tPKxSiwCOTA0b3qQfaA==}
    dev: false

  /cookie@0.1.2:
    resolution: {integrity: sha512-+mHmWbhevLwkiBf7QcbZXHr0v4ZQQ/OgHk3fsQHrsMMiGzuvAmU/YMUR+ZfrO/BLAGIWFfx2Z7Oyso0tZR/wiA==}
    dev: false

  /core-util-is@1.0.2:
    resolution: {integrity: sha512-3lqz5YjWTYnW6dlDa5TLaTCcShfar1e40rmcJVwCBJC6mWlFuj0eCHIElmG1g5kyuJ/GD+8Wn4FFCcz4gJPfaQ==}
    dev: false

  /core-util-is@1.0.3:
    resolution: {integrity: sha512-ZQBvi1DcpJ4GDqanjucZ2Hj3wEO5pZDS89BWbkcrvdxksJorwUDDZamX9ldFkp9aw2lmBDLgkObEA4DWNJ9FYQ==}
    dev: false

  /cross-spawn@7.0.3:
    resolution: {integrity: sha512-iRDPJKUPVEND7dHPO8rkbOnPpyDygcDFtWjpeWNCgy8WP2rXcxXL8TskReQl6OrB2G7+UJrags1q15Fudc7G6w==}
    engines: {node: '>= 8'}
    dependencies:
      path-key: 3.1.1
      shebang-command: 2.0.0
      which: 2.0.2
    dev: false

  /cryptiles@0.1.3:
    resolution: {integrity: sha512-YI0PphzKlfxoNvaUPpkf8x+TUssMJimL1pPIEgj+8WSx0PQtfesYms/dua8Rn+KZWqoCL4AxcxHZJS9nd/oLPw==}
    engines: {node: 0.8.x}
    deprecated: This version has been deprecated in accordance with the hapi support policy (hapi.im/support). Please upgrade to the latest version to get the best features, bug fixes, and security patches. If you are unable to upgrade at this time, paid support is available for older versions (hapi.im/commercial).
    dependencies:
      boom: 0.3.8
    dev: false

  /cycle@1.0.3:
    resolution: {integrity: sha512-TVF6svNzeQCOpjCqsy0/CSy8VgObG3wXusJ73xW2GbG5rGx7lC8zxDSURicsXI2UsGdi2L0QNRCi745/wUDvsA==}
    engines: {node: '>=0.4.0'}
    dev: false

  /debug@0.6.0:
    resolution: {integrity: sha512-2vIZf67+gMicLu8McscD1NNhMWbiTSJkhlByoTA1Gw54zOb/9IlxylYG+Kr9z1X2wZTHh1AMSp+YiMjYtLkVUA==}
    peerDependencies:
      supports-color: '*'
    peerDependenciesMeta:
      supports-color:
        optional: true
    dev: false

  /debug@0.7.4:
    resolution: {integrity: sha512-EohAb3+DSHSGx8carOSKJe8G0ayV5/i609OD0J2orCkuyae7SyZSz2aoLmQF2s0Pj5gITDebwPH7GFBlqOUQ1Q==}
    peerDependencies:
      supports-color: '*'
    peerDependenciesMeta:
      supports-color:
        optional: true
    dev: false

  /debug@1.0.2:
    resolution: {integrity: sha512-T9bufXIzQvCa4VrTIpLvvwdLhH+wuBtvIJJA3xgzVcaVETGmTIWMfEXQEd1K4p8BaRmQJPn6MPut38H7YQ+iIA==}
    peerDependencies:
      supports-color: '*'
    peerDependenciesMeta:
      supports-color:
        optional: true
    dependencies:
      ms: 0.6.2
    dev: false

  /debug@1.0.3:
    resolution: {integrity: sha512-MltK7Ykj/udtD728gD/RrONStwVnDpBNIP1h+CBcnwnJdHqHxfWHI1E8XLootUl7NOPAYTCCXlb8/Qmy7WyB1w==}
    peerDependencies:
      supports-color: '*'
    peerDependenciesMeta:
      supports-color:
        optional: true
    dependencies:
      ms: 0.6.2
    dev: false

  /debug@2.6.9:
    resolution: {integrity: sha512-bC7ElrdJaJnPbAP+1EotYvqZsb3ecl5wi6Bfi6BJTUcNowp6cvspg0jXznRTKDjm/E7AdgFBVeAPVMNcKGsHMA==}
    peerDependencies:
      supports-color: '*'
    peerDependenciesMeta:
      supports-color:
        optional: true
    dependencies:
      ms: 2.0.0
    dev: false

  /defaultable@0.7.2:
    resolution: {integrity: sha512-UEaHGfefWfbnANtSlCtuAelo7HZhCbdLAQAttRDVJpQplbA1G21t/J70VGznRA4z9py2k70tTW+3ogGs5VgrcQ==}
    engines: {'0': node}
    dev: false

  /delayed-stream@0.0.5:
    resolution: {integrity: sha512-v+7uBd1pqe5YtgPacIIbZ8HuHeLFVNe4mUEyFDXL6KiqzEykjbw+5mXZXpGFgNVasdL4jWKgaKIXrEHiynN1LA==}
    engines: {node: '>=0.4.0'}
    dev: false

  /depd@0.3.0:
    resolution: {integrity: sha512-Uyx3FgdvEYlpA3W4lf37Ide++2qOsjLlJ7dap0tbM63j/BxTCcxmyIOO6PXbKbOuNSko+fsDHzzx1DUeo1+3fA==}
    engines: {node: '>= 0.8.0'}
    dev: false

  /depd@0.4.2:
    resolution: {integrity: sha512-tG4S/hTtpA6stvb9Li65vWHrCblQ/oSN/UI90RKIA3wMk3N9lR1k/dCs8NKKNAy7UXD0+1/dUqhiaBuMatVNAQ==}
    engines: {node: '>= 0.8.0'}
    dev: false

  /dns@0.2.2:
    resolution: {integrity: sha512-dhCgBk0QglzySl2BVlIkRuk7aTqxlCe+5KhHEX5ULuco7RcB6d1zDnP5iGSs2rLdJaTc+82MxegtJtjFuueWiQ==}
    engines: {node: '>= 0.10.0 < 0.11.0'}
    hasBin: true
    dependencies:
      hbo-dnsd: 0.9.8
      native-dns: 0.6.1
      node-options: 0.0.6
      tomahawk: 0.1.6
      tomahawk-plugin-kv-memory-store: 0.0.3
      winston: 0.7.3
    transitivePeerDependencies:
      - bufferutil
      - supports-color
      - utf-8-validate
    dev: false

  /duplexer2@0.0.2:
    resolution: {integrity: sha512-+AWBwjGadtksxjOQSFDhPNQbed7icNXApT4+2BNpsXzcCBiInq2H9XW0O8sfHFaPmnQRs7cg/P0fAr2IWQSW0g==}
    dependencies:
      readable-stream: 1.1.14
    dev: false

  /ee-first@1.0.3:
    resolution: {integrity: sha512-1q/3kz+ZwmrrWpJcCCrBZ3JnBzB1BMA5EVW9nxnIP1LxDZ16Cqs9VdolqLWlExet1vU+bar3WSkAa4/YrA9bIw==}
    dev: false

  /engine.io-client@1.3.1:
    resolution: {integrity: sha512-bTOZMqAe7HXhyA/2T7Fve04b/ZZruTHSOqa+yn8U4RFSyRAVPePjopOgJOUNciEfuXo1gx850P5LzaQU28/p3w==}
    dependencies:
      component-emitter: 1.1.2
      component-inherit: 0.0.3
      debug: 0.7.4
      engine.io-parser: 1.0.6
      has-cors: 1.0.3
      indexof: 0.0.1
      parsejson: 0.0.1
      parseqs: 0.0.2
      parseuri: 0.0.2
      ws: 0.4.31
      xmlhttprequest: '@github.com/LearnBoost/node-XMLHttpRequest/archive/0f36d0b5ebc03d85f860d42a64ae9791e1daa433.tar.gz'
    transitivePeerDependencies:
      - bufferutil
      - supports-color
      - utf-8-validate
    dev: false

  /engine.io-parser@1.0.6:
    resolution: {integrity: sha512-ipbmiNj4OfAL9csof0FlI9L2jkU/lgcUphHjnTDo1KABsA21WtsVy/1OjhCj8xxhNIHtxEZ3/t7uB45gEMhD4g==}
    dependencies:
      after: 0.8.1
      arraybuffer.slice: 0.0.6
      base64-arraybuffer: 0.1.2
      blob: 0.0.2
      utf8: 2.0.0
    dev: false

  /engine.io@1.3.1:
    resolution: {integrity: sha512-fjnHWC9SLPoygMp6pqwoxmNkDDdYme4eCRTBTZLmEtGZETCpUEgSwoQjSgyj7IyIjqninKRF+2VeEV2kOniUFQ==}
    dependencies:
      base64id: 0.1.0
      debug: 0.6.0
      engine.io-parser: 1.0.6
      ws: 0.4.31
    transitivePeerDependencies:
      - bufferutil
      - supports-color
      - utf-8-validate
    dev: false

  /errorhandler@1.1.1:
    resolution: {integrity: sha512-nqVAii3wDkiowAVKDmcuwKOQ/5vsg9GfCcJxSMHgy8yiZUA3mMDpBcHnCVolDYgQ7wsC2yZQVOavR5fGHhFMkg==}
    engines: {node: '>= 0.8'}
    dependencies:
      accepts: 1.0.7
      escape-html: 1.0.1
    dev: false

  /escape-html@1.0.1:
    resolution: {integrity: sha512-z6kAnok8fqVTra7Yu77dZF2Y6ETJlxH58wN38wNyuNQLm8xXdKnfNrlSmfXsTePWP03rRVUKHubtUwanwUi7+g==}
    dev: false

  /express@4.6.1:
    resolution: {integrity: sha512-nG9Y8xfzgrW/9XCr5sv+KDbtY8mZPN9HO3GziltaubpvleI+1RyHxAKvYjmFih3HkQIaPXW9ozxMHBDNf3UXng==}
    engines: {node: '>= 0.10.0'}
    dependencies:
      accepts: 1.0.7
      buffer-crc32: 0.2.3
      cookie: 0.1.2
      cookie-signature: 1.0.4
      debug: 1.0.3
      depd: 0.3.0
      escape-html: 1.0.1
      finalhandler: 0.0.3
      fresh: 0.2.2
      media-typer: 0.2.0
      merge-descriptors: 0.0.2
      methods: 1.1.0
      parseurl: 1.1.3
      path-to-regexp: 0.1.3
      proxy-addr: 1.0.1
      qs: 0.6.6
      range-parser: 1.0.0
      send: 0.6.0
      serve-static: 1.3.2
      type-is: 1.3.2
      utils-merge: 1.0.0
      vary: 0.1.0
    transitivePeerDependencies:
      - supports-color
    dev: false

  /extsprintf@1.4.1:
    resolution: {integrity: sha512-Wrk35e8ydCKDj/ArClo1VrPVmN8zph5V4AtHwIuHhvMXsKf73UT3BOD+azBIW+3wOJ4FhEH7zyaJCFvChjYvMA==}
    engines: {'0': node >=0.6.0}
    dev: false

  /eyes@0.1.8:
    resolution: {integrity: sha512-GipyPsXO1anza0AOZdy69Im7hGFCNB7Y/NGjDlZGJ3GJJLtwNSb2vrzYrTYJRrRloVx7pl+bhUaTB8yiccPvFQ==}
    engines: {node: '> 0.1.90'}
    dev: false

  /finalhandler@0.0.2:
    resolution: {integrity: sha512-SbpQfvWVwWEBlPTQyaM9gs0D5404ENTC0x2jzbb7t+P+EOD/cBlWjAAvfozIQYtOepUuNkxoLNLCK9/kS29f4w==}
    engines: {node: '>= 0.8.0'}
    dependencies:
      debug: 1.0.2
      escape-html: 1.0.1
    transitivePeerDependencies:
      - supports-color
    dev: false

  /finalhandler@0.0.3:
    resolution: {integrity: sha512-/fqgssseNfnD8Y77HWyJKQ+1xbKu7bZl2LXfhFjkgeGg91WRMMO9GN1KKL53NnIG9g1H2Xq3iKrZkuIcAmjd0A==}
    engines: {node: '>= 0.8.0'}
    dependencies:
      debug: 1.0.3
      escape-html: 1.0.1
    transitivePeerDependencies:
      - supports-color
    dev: false

  /finished@1.2.2:
    resolution: {integrity: sha512-HPJ8x7Gn1pmTS1zWyMoXmQ1yxHkYHRoFsBI66ONq4PS9iWBJy1iHYXOSqMWNp3ksMXfrBpenkSwBhl9WG4zr4Q==}
    dependencies:
      ee-first: 1.0.3
    dev: false

  /forever-agent@0.2.0:
    resolution: {integrity: sha512-IasWSRIlfPnBZY1K9jEUK3PwsScR4mrcK+aNBJzGoPnW+S9b6f8I8ScyH4cehEOFNqnjGpP2gCaA22gqSV1xQA==}
    dev: false

  /form-data@0.0.10:
    resolution: {integrity: sha512-Z9/PpT/agxXi80nMpOH6GFD7XOr6mwk5aWMxDt/KMY+Nm7e4FnRMjddM4/mLPJhpmp6alY1F/1JQpRE6z07xng==}
    engines: {node: '>= 0.6'}
    dependencies:
      async: 0.2.10
      combined-stream: 0.0.7
      mime: 1.2.11
    dev: false

  /fresh@0.2.2:
    resolution: {integrity: sha512-ZGGi8GROK//ijm2gB33sUuN9TjN1tC/dvG4Bt4j6IWrVGpMmudUBCxx+Ir7qePsdREfkpQC4FL8W0jeSOsgv1w==}
    dev: false

  /fs-extra@11.1.1:
    resolution: {integrity: sha512-MGIE4HOvQCeUCzmlHs0vXpih4ysz4wg9qiSAu6cd42lVwPbTM1TjV7RusoyQqMmk/95gdQZX72u+YW+c3eEpFQ==}
    engines: {node: '>=14.14'}
    dependencies:
      graceful-fs: 4.2.11
      jsonfile: 6.1.0
      universalify: 2.0.0
    dev: false

  /fs.realpath@1.0.0:
    resolution: {integrity: sha512-OO0pH2lK6a0hZnAdau5ItzHPI6pUlvI7jMVnxUQRtw4owF2wk8lOSabtGDCTP4Ggrg2MbGnWO9X8K1t4+fGMDw==}
    dev: false

  /fstream-ignore@1.0.5:
    resolution: {integrity: sha512-VVRuOs41VUqptEGiR0N5ZoWEcfGvbGRqLINyZAhHRnF3DH5wrqjNkYr3VbRoZnI41BZgO7zIVdiobc13TVI1ow==}
    dependencies:
      fstream: 1.0.12
      inherits: 2.0.4
      minimatch: 3.1.2
    dev: false

  /fstream@1.0.12:
    resolution: {integrity: sha512-WvJ193OHa0GHPEL+AycEJgxvBEwyfRkN1vhjca23OaPVMCaLCXTd5qAu82AjTcgP1UJmytkOKb63Ypde7raDIg==}
    engines: {node: '>=0.6'}
    dependencies:
      graceful-fs: 4.2.11
      inherits: 2.0.4
      mkdirp: 0.5.6
      rimraf: 2.7.1
    dev: false

  /glob@7.2.3:
    resolution: {integrity: sha512-nFR0zLpU2YCaRxwoCJvL6UvCH2JFyFVIvwTLsIf21AuHlMskA1hhTdk+LlYJtOlYt9v6dvszD2BGRqBL+iQK9Q==}
    dependencies:
      fs.realpath: 1.0.0
      inflight: 1.0.6
      inherits: 2.0.4
      minimatch: 3.1.2
      once: 1.4.0
      path-is-absolute: 1.0.1
    dev: false

  /graceful-fs@4.2.11:
    resolution: {integrity: sha512-RbJ5/jmFcNNCcDV5o9eTnBLJ/HszWV0P73bc+Ff4nS/rJj+YaS6IGyiOL0VoBYX+l1Wrl3k63h/KrH+nhJ0XvQ==}
    dev: false

  /has-binary-data@0.1.1:
    resolution: {integrity: sha512-XqIrqIgPlA2gxvHKudDsLJt8Xu8B4DvkHyUWGmLWYOAO0rFOL94Ds4NSveSZ1fCjWX22tQgIiRpDKAETex8GCQ==}
    dependencies:
      isarray: 0.0.1
    dev: false

  /has-cors@1.0.3:
    resolution: {integrity: sha512-Mxk1ba23PNtB3zPigreijApS3uuH9bhgZkqQtLQj7ydWHsGeb9uOtk4gsK6mZj4rYG6VNS/CT9G1XkYfgItpKg==}
    dependencies:
      global: '@github.com/component/global/archive/v2.0.1.tar.gz'
    dev: false

  /hawk@0.10.2:
    resolution: {integrity: sha512-BjpmnZ95odv7KOIsydfNTAxfGOGaVc6xbYL4fozWl45PWjDqskix0LHAekmGkpnrCAI6+AZRvJIXNTAllj+e6w==}
    engines: {node: 0.8.x}
    deprecated: This module moved to @hapi/hawk. Please make sure to switch over as this distribution is no longer supported and may contain bugs and critical security issues.
    dependencies:
      boom: 0.3.8
      cryptiles: 0.1.3
      hoek: 0.7.6
      sntp: 0.1.4
    dev: false

  /hbo-dnsd@0.9.8:
    resolution: {integrity: sha512-mIj4V7OicuAlnSfvTXopd401Ba7eFFSL2L3EmM1NqlIWe1pJ/x9dyHqfnKXnJr5qSbNFLnadXvwNd3kURNy+ug==}
    engines: {node: '>= 0.8'}
    dependencies:
      defaultable: 0.7.2
      optimist: 0.3.7
    dev: false

  /hoek@0.7.6:
    resolution: {integrity: sha512-z75muWk69yyjWn6nNzJP0pnfgcewtSTs7uBolGUA7kWNdCYZukzHn3sYqUirhXul7qp9WBUwNT/7ieJZNveJqg==}
    engines: {node: 0.8.x}
    deprecated: This version has been deprecated in accordance with the hapi support policy (hapi.im/support). Please upgrade to the latest version to get the best features, bug fixes, and security patches. If you are unable to upgrade at this time, paid support is available for older versions (hapi.im/commercial).
    dev: false

  /hyperquest@2.1.3:
    resolution: {integrity: sha512-fUuDOrB47PqNK/BAMOS13v41UoaqIxqSLHX6CAbOD7OfT+/GCWO1/vPLfTNutOeXrv1ikuaZ3yux+33Z9vh+rw==}
    dependencies:
      buffer-from: 0.1.2
      duplexer2: 0.0.2
      through2: 0.6.5
    dev: false

  /iconv-lite@0.4.4:
    resolution: {integrity: sha512-BnjNp13aZpK4WBGbmjaNHN2MCp3P850n8zd/JLinQJ8Lsnq2Br4o2467C2waMsY5kr7Z41SL1gEqh8Vbfzg15A==}
    engines: {node: '>=0.8.0'}
    dev: false

  /indexof@0.0.1:
    resolution: {integrity: sha512-i0G7hLJ1z0DE8dsqJa2rycj9dBmNKgXBvotXtZYXakU9oivfB9Uj2ZBC27qqef2U58/ZLwalxa1X/RDCdkHtVg==}
    dev: false

  /inflight@1.0.6:
    resolution: {integrity: sha512-k92I/b08q4wvFscXCLvqfsHCrjrF7yiXsQuIVvVE7N82W3+aqpzuUdBbfhWcy/FZR3/4IgflMgKLOsvPDrGCJA==}
    dependencies:
      once: 1.4.0
      wrappy: 1.0.2
    dev: false

  /inherits@2.0.4:
    resolution: {integrity: sha512-k/vGaX4/Yla3WzyMCvTQOXYeIHvqOKtnqBduzTHpzpQZzAskKMhZ2K+EnBiSM9zGSoIFeMpXKxa4dYeZIQqewQ==}
    dev: false

  /ipaddr.js@0.1.2:
    resolution: {integrity: sha512-MGrEjHz4Hk5UVpJXZQ2tHB+bp6xgdRKCAEWdrgFsoAmXCgKAPtj8LqMxgvlWEAj9aN+PpTcvE051uZU3K3kLSQ==}
    engines: {node: '>= 0.2.5'}
    dev: false

  /ipaddr.js@2.1.0:
    resolution: {integrity: sha512-LlbxQ7xKzfBusov6UMi4MFpEg0m+mAm9xyNGEduwXMEDuf4WfzB/RZwMVYEd7IKGvh4IUkEXYxtAVu9T3OelJQ==}
    engines: {node: '>= 10'}
    dev: false

  /isarray@0.0.1:
    resolution: {integrity: sha512-D2S+3GLxWH+uhrNEcoh/fnmYeP8E8/zHl644d/jdA0g2uyXvy3sb0qxotE+ne0LtccHknQzWwZEzhak7oJ0COQ==}
    dev: false

  /isarray@1.0.0:
    resolution: {integrity: sha512-VLghIWNM6ELQzo7zwmcg0NmTVyWKYjvIeM83yjp0wRDTmUnrM678fQbcKBo6n2CJEF0szoG//ytg+TKla89ALQ==}
    dev: false

  /isexe@2.0.0:
    resolution: {integrity: sha512-RHxMLp9lnKHGHRng9QFhRCMbYAcVpn69smSGcq3f36xjgVVWThj4qqLbTLlq7Ssj8B+fIQ1EuCEGI2lKsyQeIw==}
    dev: false

  /json-stringify-safe@3.0.0:
    resolution: {integrity: sha512-VSSuxEAawKLYlCabQOR7YDijQ69zPqQBOriUuCgNhlAqtU7RPr41gPpaSs6WkEu+ZOtUequpXWbI51CS+Z/gMQ==}
    dev: false

  /json3@3.2.6:
    resolution: {integrity: sha512-KA+GHhYTLTo7Ri4DyjwUgW8kn98AYtVZtBC94qL5yD0ZSYct8/eF8qBmTNyk+gPE578bKeIL4WBq+MUyd1I26g==}
    deprecated: Please use the native JSON object instead of JSON 3
    dev: false

  /jsonfile@6.1.0:
    resolution: {integrity: sha512-5dgndWOriYSm5cnYaJNhalLNDKOqFwyDB/rr1E9ZsGciGvKPs8R2xYGCacuf3z6K1YKDz182fd+fY3cn3pMqXQ==}
    dependencies:
      universalify: 2.0.0
    optionalDependencies:
      graceful-fs: 4.2.11
    dev: false

  /kleur@3.0.3:
    resolution: {integrity: sha512-eTIzlVOSUR+JxdDFepEYcBMtZ9Qqdef+rnzWdRZuMbOywu5tO2w2N7rqjoANZ5k9vywhL6Br1VRjUIgTQx4E8w==}
    engines: {node: '>=6'}
    dev: false

  /lru-cache@6.0.0:
    resolution: {integrity: sha512-Jo6dJ04CmSjuznwJSS3pUeWmd/H0ffTlkXXgwZi+eq1UCmqQwCh+eLsYOYCwY991i2Fah4h1BEMCx4qThGbsiA==}
    engines: {node: '>=10'}
    dependencies:
      yallist: 4.0.0
    dev: false

  /media-typer@0.2.0:
    resolution: {integrity: sha512-TSggxYk75oP4tae7JkT8InpcFGUP4340zg1dOWjcu9qcphaDKtXEuNUv3OD4vJ+gVTvIDK797W0uYeNm8qqsDg==}
    engines: {node: '>= 0.8.0'}
    dev: false

  /merge-descriptors@0.0.2:
    resolution: {integrity: sha512-dYBT4Ep+t/qnPeJcnMymmhTdd4g8/hn48ciaDqLAkfRf8abzLPS6Rb6EBdz5CZCL8tzZuI5ps9MhGQGxk+EuKg==}
    dev: false

  /methods@1.1.0:
    resolution: {integrity: sha512-Th88HxNePtsAmz0WjEhVVyRGv9AQFLv4z6zOj4Dt15PjsKLWB8JXSmxzP+Q27139+AXao0AlCWvonFuJhu4GuA==}
    dev: false

  /mime-types@1.0.2:
    resolution: {integrity: sha512-echfutj/t5SoTL4WZpqjA1DCud1XO0WQF3/GJ48YBmc4ZMhCK77QA6Z/w6VTQERLKuJ4drze3kw2TUT8xZXVNw==}
    engines: {node: '>= 0.8.0'}
    dev: false

  /mime@1.2.11:
    resolution: {integrity: sha512-Ysa2F/nqTNGHhhm9MV8ure4+Hc+Y8AWiqUdHxsO7xu8zc92ND9f3kpALHjaP026Ft17UfxrMt95c50PLUeynBw==}
    dev: false

  /minimatch@3.1.2:
    resolution: {integrity: sha512-J7p63hRiAjw1NDEww1W7i37+ByIrOWO5XQQAzZ3VOcL0PNybwpfmV/N05zFAzwQ9USyEcX6t3UO+K5aqBQOIHw==}
    dependencies:
      brace-expansion: 1.1.11
    dev: false

  /minimist@1.2.8:
    resolution: {integrity: sha512-2yyAR8qBkN3YuheJanUpWC5U3bb5osDywNB8RzDVlDwDHbocAJveqqj1u8+SVD7jkWT4yvsHCpWqqWqAxb0zCA==}
    dev: false

  /mkdirp@0.5.6:
    resolution: {integrity: sha512-FP+p8RB8OWpF3YZBCrP5gtADmtXApB5AMLn+vdyA+PyxCjrCs00mjyUozssO33cwDeT3wNGdLxJ5M//YqtHAJw==}
    hasBin: true
    dependencies:
      minimist: 1.2.8
    dev: false

  /morgan@1.2.0:
    resolution: {integrity: sha512-VrasIzA69dsxJm1+MVWTLTiij3kiG33XPfGiexqstHpcSvSu/Z51W+FGQyIlbc3jZZuF2PFujsjw+YQvpXz3UA==}
    engines: {node: '>= 0.8.0'}
    dependencies:
      basic-auth: 1.0.0
      bytes: 1.0.0
      depd: 0.4.2
      finished: 1.2.2
    dev: false

  /ms@0.6.2:
    resolution: {integrity: sha512-/pc3eh7TWorTtbvXg8je4GvrvEqCfH7PA3P7iW01yL2E53FKixzgMBaQi0NOPbMJqY34cBSvR0tZtmlTkdUG4A==}
    dev: false

  /ms@2.0.0:
    resolution: {integrity: sha512-Tpp60P6IUJDTuOq/5Z8cdskzJujfwqfOTkrwIwj7IRISpnkJnT6SyJ4PCPnGMoFjC9ddhal5KVIYtAt97ix05A==}
    dev: false

  /nan@0.3.2:
    resolution: {integrity: sha512-V9/Pyy5Oelv6vVJP9X+dAzU3IO19j6YXrJnODHxP2h54hTvfFQGahdsQV6Ule/UukiEJk1SkQ/aUyWUm61RBQw==}
    dev: false

  /native-dns-cache@0.0.2:
    resolution: {integrity: sha512-09HXHdb/updxfigaFbR53F8nCKqxM8WuHfTWBsusVlwSSZZ3qwWRdD6Kx2x8HBI1Q5IaycwcJOvBoXZWJNfVEg==}
    engines: {node: '>= 0.5.0'}
    dependencies:
      binaryheap: 0.0.3
      native-dns-packet: 0.1.1
    dev: false

  /native-dns-packet@0.1.1:
    resolution: {integrity: sha512-j1XxnFFTUB7mujma468WyAOmyVtkuuLTelxJF13tSTIPO56X7bHALrG0G4jFQnvyTPCt4VnFiZezWpfKbaHc+g==}
    engines: {node: '>= 0.5.0'}
    dependencies:
      buffercursor: 0.0.12
      ipaddr.js: 2.1.0
    dev: false

  /native-dns@0.6.1:
    resolution: {integrity: sha512-svX0dstdoFeEO1sD1Kkrrj/Ad7QfHuczp2YpRnBpjJHqh0dpYLZhLERbf76S6LMkLAT5eZ8tJrPwZciIX5pj6Q==}
    engines: {node: '>= 0.5.0'}
    dependencies:
      ipaddr.js: 2.1.0
      native-dns-cache: 0.0.2
      native-dns-packet: 0.1.1
    dev: false

  /negotiator@0.4.7:
    resolution: {integrity: sha512-ujxWwyRfZ6udAgHGECQC3JDO9e6UAsuItfUMcqA0Xf2OLNQTveFVFx+fHGIJ5p0MJaJrZyGQqPwzuN0NxJzEKA==}
    dev: false

  /node-options@0.0.6:
    resolution: {integrity: sha512-OrfY9+LgcLjoo2oyqxjP3gZLBuNDV1IblF69HGLdbE8JUJxSnl2kB561r41KOMc1GWLspjMSfa9L6+iW4fvYrw==}
    engines: {node: '>= 0.6.0'}
    dev: false

  /node-uuid@1.4.8:
    resolution: {integrity: sha512-TkCET/3rr9mUuRp+CpO7qfgT++aAxfDRaalQhwPFzI9BY/2rCDn6OfpZOVggi1AXfTPpfkTrg5f5WQx5G1uLxA==}
    deprecated: Use uuid module instead
    hasBin: true
    dev: false

  /oauth-sign@0.2.0:
    resolution: {integrity: sha512-4DtiD64CwPJ5vZ636j/KtM7DxWbX1KlkqwbqbEAxI3BCpBrQdrKOv8vC/36U6gfm1CVapy6QmcVxPnXPPQApTA==}
    dev: false

  /object-component@0.0.3:
    resolution: {integrity: sha512-S0sN3agnVh2SZNEIGc0N1X4Z5K0JeFbGBrnuZpsxuUh5XLF0BnvWkMjRXo/zGKLd/eghvNIKcx1pQkmUjXIyrA==}
    dev: false

  /once@1.4.0:
    resolution: {integrity: sha512-lNaJgI+2Q5URQBkccEKHTQOPaXdUxnZZElQTZY0MFUAuaEqe1E+Nyvgdz/aIyNi6Z9MzO5dv1H8n58/GELp3+w==}
    dependencies:
      wrappy: 1.0.2
    dev: false

  /optimist@0.3.7:
    resolution: {integrity: sha512-TCx0dXQzVtSCg2OgY/bO9hjM9cV4XYx09TVK+s3+FhkjT6LovsLe+pPMzpWf+6yXK/hUizs2gUoTw3jHM0VaTQ==}
    dependencies:
      wordwrap: 0.0.3
    dev: false

  /options@0.0.6:
    resolution: {integrity: sha512-bOj3L1ypm++N+n7CEbbe473A414AB7z+amKYshRb//iuL3MpdDCLhPnw6aVTdKB9g5ZRVHIEp8eUln6L2NUStg==}
    engines: {node: '>=0.4.0'}
    dev: false

  /parsejson@0.0.1:
    resolution: {integrity: sha512-W9CRvTfYQY/kbRc5Q6YTWarb/QDxdEGbd6RCP8CLUQDJV89RVHoS2A0dZYNtAcq31fulGNN4ZhAhiQQazwlKJg==}
    dependencies:
      better-assert: 1.0.2
    dev: false

  /parseqs@0.0.2:
    resolution: {integrity: sha512-vyyyfQGUFZnDhgrrdn+hh1JuOfvbXU5oRr6dijfkSIbaFuxGgTSCA/RNVcsADmo0k2NX6wERVTMKkXokjuObJA==}
    dependencies:
      better-assert: 1.0.2
    dev: false

  /parseuri@0.0.2:
    resolution: {integrity: sha512-m0H+R0u5LXOx8sbxufnvgKrRLpkVpvtMf0AyWXYSqLwo2MWrVEgCIbgpaSVa398xl6wTLe0A7CGhiC4hBdEzHQ==}
    dependencies:
      better-assert: 1.0.2
    dev: false

  /parseurl@1.1.3:
    resolution: {integrity: sha512-7y9IL/9x2suvr1uIvoAc3yv3f28hZ55g2OM+ybEtnZqV6Ykeg36sy1PCsTN9rQUZYzb9lTKLzzmJM11jaXSloA==}
    dev: false

  /path-is-absolute@1.0.1:
    resolution: {integrity: sha512-AVbw3UJ2e9bq64vSaS9Am0fje1Pa8pbGqTTsmXfaIiMpnr5DlDhfJOuLj9Sf95ZPVDAUerDfEk88MPmPe7UCQg==}
    engines: {node: '>=0.10.0'}
    dev: false

  /path-key@3.1.1:
    resolution: {integrity: sha512-ojmeN0qd+y0jszEtoY48r0Peq5dwMEkIlCOu6Q5f41lfkswXuKtYrhgoTpLnyIcHm24Uhqx+5Tqm2InSwLhE6Q==}
    engines: {node: '>=8'}
    dev: false

  /path-to-regexp@0.1.3:
    resolution: {integrity: sha512-sd4vSOW+DCM6A5aRICI1CWaC7nufnzVpZfuh5T0VXshxxzFWuaFcvqKovAFLNGReOc+uZRptpcpPmn7CDvzLuA==}
    dev: false

  /pkginfo@0.3.1:
    resolution: {integrity: sha512-yO5feByMzAp96LtP58wvPKSbaKAi/1C4kV9XpTctr6EepnP6F33RBNOiVrdz9BrPA98U2BMFsTNHo44TWcbQ2A==}
    engines: {node: '>= 0.4.0'}
    dev: false

  /process-nextick-args@2.0.1:
    resolution: {integrity: sha512-3ouUOpQhtgrbOa17J7+uxOTpITYWaGP7/AhoR3+A+/1e9skrzelGi/dXzEYyvbxubEF6Wn2ypscTKiKJFFn1ag==}
    dev: false

  /prompts@2.4.2:
    resolution: {integrity: sha512-NxNv/kLguCA7p3jE8oL2aEBsrJWgAakBpgmgK6lpPWV+WuOmY6r2/zbAVnP+T8bQlA0nzHXSJSJW0Hq7ylaD2Q==}
    engines: {node: '>= 6'}
    dependencies:
      kleur: 3.0.3
      sisteransi: 1.0.5
    dev: false

  /proxy-addr@1.0.1:
    resolution: {integrity: sha512-rIUGzBlSfkJMWWCgsd4N5wvVSNAcJZg//UwPZumDIbScHRUzuSOjBmIdyICiKkB9yArv+er9qC6RA/NL3AWc6A==}
    engines: {node: '>= 0.8.0'}
    dependencies:
      ipaddr.js: 0.1.2
    dev: false

  /punycode@1.3.2:
    resolution: {integrity: sha512-RofWgt/7fL5wP1Y7fxE7/EmTLzQVnB0ycyibJ0OOHIlJqTNzglYFxVwETOcIoJqJmpDXJ9xImDv+Fq34F/d4Dw==}
    dev: false

  /qs@0.5.6:
    resolution: {integrity: sha512-KbOrQrP5Ye+0gmq+hwxoJwAFRwExACWqwxj1IDFFgqOw9Poxy3wwSbafd9ZqP6T6ykMfnxM573kt/a4i9ybatQ==}
    dev: false

  /qs@0.6.6:
    resolution: {integrity: sha512-kN+yNdAf29Jgp+AYHUmC7X4QdJPR8czuMWLNLc0aRxkQ7tB3vJQEONKKT9ou/rW7EbqVec11srC9q9BiVbcnHA==}
    dev: false

  /querystring@0.2.0:
    resolution: {integrity: sha512-X/xY82scca2tau62i9mDyU9K+I+djTMUsvwf7xnUX5GLvVzgJybOJf4Y6o9Zx3oJK/LSXg5tTZBjwzqVPaPO2g==}
    engines: {node: '>=0.4.x'}
    deprecated: The querystring API is considered Legacy. new code should use the URLSearchParams API instead.
    dev: false

  /range-parser@1.0.0:
    resolution: {integrity: sha512-wOH5LIH2ZHo0P7/bwkR+aNbJ+kv3CHVX4B8qs9GqbtY29fi1bGPV5xczrutN20G+Z4XhRqRMTW3q0S4iyJJPfw==}
    dev: false

  /raw-body@1.3.0:
    resolution: {integrity: sha512-iuI1bOSi9tEmVCrXq02ZysXatTrhAu+fSo7XOQHhMo4g87dSy9YB2W/9Udwhz0bPpFk4UcoLhjrHgpPbRD3ktA==}
    engines: {node: '>= 0.8.0'}
    dependencies:
      bytes: 1.0.0
      iconv-lite: 0.4.4
    dev: false

  /readable-stream@1.0.34:
    resolution: {integrity: sha512-ok1qVCJuRkNmvebYikljxJA/UEsKwLl2nI1OmaqAu4/UE+h0wKCHok4XkL/gvi39OacXvw59RJUOFUkDib2rHg==}
    dependencies:
      core-util-is: 1.0.3
      inherits: 2.0.4
      isarray: 0.0.1
      string_decoder: 0.10.31
    dev: false

  /readable-stream@1.1.14:
    resolution: {integrity: sha512-+MeVjFf4L44XUkhM1eYbD8fyEsxcV81pqMSR5gblfcLCHfZvbrqy4/qYHE+/R5HoBUT11WV5O08Cr1n3YXkWVQ==}
    dependencies:
      core-util-is: 1.0.3
      inherits: 2.0.4
      isarray: 0.0.1
      string_decoder: 0.10.31
    dev: false

  /readable-stream@2.3.8:
    resolution: {integrity: sha512-8p0AUk4XODgIewSi0l8Epjs+EVnWiK7NoDIEGU0HhE7+ZyY8D1IMY7odu5lRrFXGg71L15KG8QrPmum45RTtdA==}
    dependencies:
      core-util-is: 1.0.3
      inherits: 2.0.4
      isarray: 1.0.0
      process-nextick-args: 2.0.1
      safe-buffer: 5.1.2
      string_decoder: 1.1.1
      util-deprecate: 1.0.2
    dev: false

  /request@2.16.6:
    resolution: {integrity: sha512-TfD4kMo40kwuOpO7GYfAZpb2wYdw7yvTIglPNgPPSmp2Fz6MKNvPLla40FQ/ypdhy6B2jRNz3VlCjPD6mnzsmA==}
    engines: {'0': node >= 0.8.0}
    deprecated: request has been deprecated, see https://github.com/request/request/issues/3142
    dependencies:
      aws-sign: 0.2.0
      cookie-jar: 0.2.0
      forever-agent: 0.2.0
      form-data: 0.0.10
      hawk: 0.10.2
      json-stringify-safe: 3.0.0
      mime: 1.2.11
      node-uuid: 1.4.8
      oauth-sign: 0.2.0
      qs: 0.5.6
      tunnel-agent: 0.2.0
    dev: false

  /rimraf@2.7.1:
    resolution: {integrity: sha512-uWjbaKIK3T1OSVptzX7Nl6PvQ3qAGtKEtVRjRuazjfL3Bx5eI409VZSqgND+4UNnmzLVdPj9FqFJNPqBZFve4w==}
    hasBin: true
    dependencies:
      glob: 7.2.3
    dev: false

  /rimraf@3.0.2:
    resolution: {integrity: sha512-JZkJMZkAGFFPP2YqXZXPbMlMBgsxzE8ILs4lMIX/2o0L9UBw9O/Y3o6wFw/i9YLapcUJWwqbi3kdxIPdC62TIA==}
    hasBin: true
    dependencies:
      glob: 7.2.3
    dev: false

  /safe-buffer@5.1.2:
    resolution: {integrity: sha512-Gd2UZBJDkXlY7GbJxfsE8/nvKkUEU1G38c1siN6QP6a9PT9MmHB8GnpscSmMJSoF8LOIrt8ud/wPtojys4G6+g==}
    dev: false

  /semver@7.5.1:
    resolution: {integrity: sha512-Wvss5ivl8TMRZXXESstBA4uR5iXgEN/VC5/sOcuXdVLzcdkz4HWetIoRfG5gb5X+ij/G9rw9YoGn3QoQ8OCSpw==}
    engines: {node: '>=10'}
    hasBin: true
    dependencies:
      lru-cache: 6.0.0
    dev: false

  /send@0.6.0:
    resolution: {integrity: sha512-A3EwHmDwcPcmLxIRNjr2YbXiYWq6M9JyUq4303pLKVFs4m5oeME0a9Cpcu9N22fED5XVepldjPYGo9eJifb7Yg==}
    engines: {node: '>= 0.8.0'}
    dependencies:
      debug: 1.0.3
      depd: 0.3.0
      escape-html: 1.0.1
      finished: 1.2.2
      fresh: 0.2.2
      mime: 1.2.11
      ms: 0.6.2
      range-parser: 1.0.0
    transitivePeerDependencies:
      - supports-color
    dev: false

  /serve-static@1.3.2:
    resolution: {integrity: sha512-KwjCeYUx7IM1neg8/P0+O1DZsl76XcOSuV0ZxrI0r60vwGlcjMjKOYCK/OFLJy/a2CFuIyAa/x0PuQ0yuG+IgQ==}
    engines: {node: '>= 0.8.0'}
    dependencies:
      escape-html: 1.0.1
      parseurl: 1.1.3
      send: 0.6.0
    transitivePeerDependencies:
      - supports-color
    dev: false

  /shebang-command@2.0.0:
    resolution: {integrity: sha512-kHxr2zZpYtdmrN1qDjrrX/Z1rR1kG8Dx+gkpK1G4eXmvXswmcE1hTWBWYUzlraYw1/yZp6YuDY77YtvbN0dmDA==}
    engines: {node: '>=8'}
    dependencies:
      shebang-regex: 3.0.0
    dev: false

  /shebang-regex@3.0.0:
    resolution: {integrity: sha512-7++dFhtcx3353uBaq8DDR4NuxBetBzC7ZQOhmTQInHEd6bSrXdiEyzCvG07Z44UYdLShWUyXt5M/yhz8ekcb1A==}
    engines: {node: '>=8'}
    dev: false

  /sisteransi@1.0.5:
    resolution: {integrity: sha512-bLGGlR1QxBcynn2d5YmDX4MGjlZvy2MRBDRNHLJ8VI6l6+9FUiyTFNJ0IveOSP0bcXgVDPRcfGqA0pjaqUpfVg==}
    dev: false

  /sntp@0.1.4:
    resolution: {integrity: sha512-v90tkW8VIdXwY35BJAWIpZWd/h+WC7TufizgUO2jtOY21isIo8IP85f1zJ8mKF8o77Vxo5k+GJmUZ4H6phVt1g==}
    engines: {node: 0.8.x}
    deprecated: This module moved to @hapi/sntp. Please make sure to switch over as this distribution is no longer supported and may contain bugs and critical security issues.
    dependencies:
      hoek: 0.7.6
    dev: false

  /socket.io-adapter@0.2.0:
    resolution: {integrity: sha512-3PlX+MOlpHiY+ZTbKhpE4i+M4u8hFUlVyqFP4K/mH+t+D9bMKATFqUUY3zWQMEo2g/1ckosURXviQw6M8R/y8A==}
    dependencies:
      debug: 0.7.4
      socket.io-parser: 2.1.2
    transitivePeerDependencies:
      - supports-color
    dev: false

  /socket.io-client@1.0.6:
    resolution: {integrity: sha512-itdtz6fQBTFIDBP4+hJox0OlT+SbCVdENjPgjMup3ehu7OsiG6t0FYBXCx+k/upt9lbeyp9BmUNNi5EfnGa5Vw==}
    dependencies:
      component-bind: 1.0.0
      component-emitter: 1.1.2
      debug: 0.7.4
      engine.io-client: 1.3.1
      has-binary-data: 0.1.1
      indexof: 0.0.1
      object-component: 0.0.3
      parseuri: 0.0.2
      socket.io-parser: 2.2.0
      to-array: 0.1.3
    transitivePeerDependencies:
      - bufferutil
      - supports-color
      - utf-8-validate
    dev: false

  /socket.io-parser@2.1.2:
    resolution: {integrity: sha512-eVkt8prgw20H+4P8Iw6tis/w7leiN5EW/93Vq+KL8w+yNJu+QNgaej2Cgt8FhVCVuN3AHyLU50vXvM8cpUR1JQ==}
    dependencies:
      debug: 0.7.4
      emitter: '@github.com/component/emitter/archive/1.0.1.tar.gz'
      isarray: 0.0.1
      json3: 3.2.6
    transitivePeerDependencies:
      - supports-color
    dev: false

  /socket.io-parser@2.2.0:
    resolution: {integrity: sha512-uW3UiLVibAyleKq8r/yZe1oPO51olhY18T6HtnN0iI6RLqJfYC0YiyAFlsPw1+8I0Z1qFd8jFLTRZo2vr6ISxA==}
    dependencies:
      debug: 0.7.4
      emitter: '@github.com/component/emitter/archive/1.0.1.tar.gz'
      isarray: 0.0.1
      json3: 3.2.6
    transitivePeerDependencies:
      - supports-color
    dev: false

  /socket.io@1.0.6:
    resolution: {integrity: sha512-1x7TkMh8aKfLoXuXe5rXnDnv3xfcOFrDM6hR9z15dpZ83tTxt2NUxnpuGL2zMIAJQ4DitKiadEBvBVju5cxcHw==}
    dependencies:
      debug: 0.7.4
      engine.io: 1.3.1
      has-binary-data: 0.1.1
      socket.io-adapter: 0.2.0
      socket.io-client: 1.0.6
      socket.io-parser: 2.2.0
    transitivePeerDependencies:
      - bufferutil
      - supports-color
      - utf-8-validate
    dev: false

  /stack-trace@0.0.10:
    resolution: {integrity: sha512-KGzahc7puUKkzyMt+IqAep+TVNbKP+k2Lmwhub39m1AsTSkaDutx56aDCo+HLDzf/D26BIHTJWNiTG1KAJiQCg==}
    dev: false

  /string_decoder@0.10.31:
    resolution: {integrity: sha512-ev2QzSzWPYmy9GuqfIVildA4OdcGLeFZQrq5ys6RtiuF+RQQiZWr8TZNyAcuVXyQRYfEO+MsoB/1BuQVhOJuoQ==}
    dev: false

  /string_decoder@1.1.1:
    resolution: {integrity: sha512-n/ShnvDi6FHbbVfviro+WojiFzv+s8MPMHBczVePfUpDJLwoLT0ht1l4YwBCbi8pJAveEEdnkHyPyTP/mzRfwg==}
    dependencies:
      safe-buffer: 5.1.2
    dev: false

  /tar-pack@3.4.1:
    resolution: {integrity: sha512-PPRybI9+jM5tjtCbN2cxmmRU7YmqT3Zv/UDy48tAh2XRkLa9bAORtSWLkVc13+GJF+cdTh1yEnHEk3cpTaL5Kg==}
    dependencies:
      debug: 2.6.9
      fstream: 1.0.12
      fstream-ignore: 1.0.5
      once: 1.4.0
      readable-stream: 2.3.8
      rimraf: 2.7.1
      tar: 2.2.2
      uid-number: 0.0.6
    transitivePeerDependencies:
      - supports-color
    dev: false

  /tar@2.2.2:
    resolution: {integrity: sha512-FCEhQ/4rE1zYv9rYXJw/msRqsnmlje5jHP6huWeBZ704jUTy02c5AZyWujpMR1ax6mVw9NyJMfuK2CMDWVIfgA==}
    deprecated: This version of tar is no longer supported, and will not receive security updates. Please upgrade asap.
    dependencies:
      block-stream: 0.0.9
      fstream: 1.0.12
      inherits: 2.0.4
    dev: false

  /through2@0.6.5:
    resolution: {integrity: sha512-RkK/CCESdTKQZHdmKICijdKKsCRVHs5KsLZ6pACAmF/1GPUQhonHSXWNERctxEp7RmvjdNbZTL5z9V7nSCXKcg==}
    dependencies:
      readable-stream: 1.0.34
      xtend: 4.0.2
    dev: false

  /tinycolor@0.0.1:
    resolution: {integrity: sha512-+CorETse1kl98xg0WAzii8DTT4ABF4R3nquhrkIbVGcw1T8JYs5Gfx9xEfGINPUZGDj9C4BmOtuKeaTtuuRolg==}
    engines: {node: '>=0.4.0'}
    dev: false

  /tmp@0.2.1:
    resolution: {integrity: sha512-76SUhtfqR2Ijn+xllcI5P1oyannHNHByD80W1q447gU3mp9G9PSpGdWmjUOHRDPiHYacIk66W7ubDTuPF3BEtQ==}
    engines: {node: '>=8.17.0'}
    dependencies:
      rimraf: 3.0.2
    dev: false

  /to-array@0.1.3:
    resolution: {integrity: sha512-JQk/QMS4oHyU2VufVeyjN25dcnZnr1PV1pa1oKSj7l5tVO9WrU62og3fYzB3mrgJZZgBxdrrA/v6iZzMDuyFYw==}
    dev: false

  /tomahawk-plugin-kv-memory-store@0.0.3:
    resolution: {integrity: sha512-opt82r6s+775jmrREiWruMVTQaGQYgPd6/zYTDRwwHhDGSqpFaZZgCSnI/BAIs8nC88puTK4PyodkSRpUDp/2Q==}
    dev: false

  /tomahawk@0.1.6:
    resolution: {integrity: sha512-HFLoewTx2gHD0o2t0tR+EIcDXhqdtakfZCDiYsGjOO93nYQ1i7nbhj3UL7iQdtoBbPAcEbrxeJ0KlfPOvhxFyg==}
    engines: {node: '>= 0.8.0 < 0.11.0'}
    hasBin: true
    dependencies:
      body-parser: 1.5.0
      connect: 3.0.2
      errorhandler: 1.1.1
      express: 4.6.1
      morgan: 1.2.0
      node-options: 0.0.6
      socket.io: 1.0.6
      winston: 0.7.3
    transitivePeerDependencies:
      - bufferutil
      - supports-color
      - utf-8-validate
    dev: false

  /tunnel-agent@0.2.0:
    resolution: {integrity: sha512-PXy4q1PH88BK0pcGOEMXFAslyBuRWz1wxLfPXTlYFd41eyUgjOALaVGbWJN1ymjbnBzjWunVSKmrrMMh8oLaZA==}
    dev: false

  /type-is@1.3.2:
    resolution: {integrity: sha512-sdIhnvhWEyIP2DKjj1o9tL31m8vFxDfLPD56KXz2absqY5AF2QYkJC7Wrw2fkzsZA9mv+PCtgyB7EqYOgR+r3Q==}
    engines: {node: '>= 0.8'}
    dependencies:
      media-typer: 0.2.0
      mime-types: 1.0.2
    dev: false

  /typescript@5.0.4:
    resolution: {integrity: sha512-cW9T5W9xY37cc+jfEnaUvX91foxtHkza3Nw3wkoF4sSlKn0MONdkdEndig/qPBWXNkmplh3NzayQzCiHM4/hqw==}
    engines: {node: '>=12.20'}
    hasBin: true
    dev: true

  /uid-number@0.0.6:
    resolution: {integrity: sha512-c461FXIljswCuscZn67xq9PpszkPT6RjheWFQTgCyabJrTUozElanb0YEqv2UGgk247YpcJkFBuSGNvBlpXM9w==}
    dev: false

  /universalify@2.0.0:
    resolution: {integrity: sha512-hAZsKq7Yy11Zu1DE0OzWjw7nnLZmJZYTDZZyEFHZdUhV8FkH5MCfoU1XMaxXovpyW5nq5scPqq0ZDP9Zyl04oQ==}
    engines: {node: '>= 10.0.0'}
    dev: false

  /url@0.11.0:
    resolution: {integrity: sha512-kbailJa29QrtXnxgq+DdCEGlbTeYM2eJUxsz6vjZavrCYPMIFHMKQmSKYAIuUK2i7hgPm28a8piX5NTUtM/LKQ==}
    dependencies:
      punycode: 1.3.2
      querystring: 0.2.0
    dev: false

  /utf8@2.0.0:
    resolution: {integrity: sha512-jWXHr+bQ8RsWazLzVY3V7XACPTbBHYSg/VoDVok+DBQk5ULm0AuBCNb9tGmjq2H+znnkBFwjhzzCbn9G3xlYcA==}
    dev: false

  /util-deprecate@1.0.2:
    resolution: {integrity: sha512-EPD5q1uXyFxJpCrLnCc1nHnq3gOa6DZBocAIiI2TaSCA7VCJ1UJDMagCzIkXNsUYfD1daK//LTEQ8xiIbrHtcw==}
    dev: false

  /utils-merge@1.0.0:
    resolution: {integrity: sha512-HwU9SLQEtyo+0uoKXd1nkLqigUWLB+QuNQR4OcmB73eWqksM5ovuqcycks2x043W8XVb75rG1HQ0h93TMXkzQQ==}
    engines: {node: '>= 0.4.0'}
    dev: false

  /validate-npm-package-name@5.0.0:
    resolution: {integrity: sha512-YuKoXDAhBYxY7SfOKxHBDoSyENFeW5VvIIQp2TGQuit8gpK6MnWaQelBKxso72DoxTZfZdcP3W90LqpSkgPzLQ==}
    engines: {node: ^14.17.0 || ^16.13.0 || >=18.0.0}
    dependencies:
      builtins: 5.0.1
    dev: false

  /vary@0.1.0:
    resolution: {integrity: sha512-tyyeG46NQdwyVP/RsWLSrT78ouwEuvwk9gK8vQK4jdXmqoXtTXW+vsCfNcnqRhigF8olV34QVZarmAi6wBV2Mw==}
    engines: {node: '>= 0.8.0'}
    dev: false

  /verror@1.10.1:
    resolution: {integrity: sha512-veufcmxri4e3XSrT0xwfUR7kguIkaxBeosDg00yDWhk49wdwkSUrvvsm7nc75e1PUyvIeZj6nS8VQRYz2/S4Xg==}
    engines: {node: '>=0.6.0'}
    dependencies:
      assert-plus: 1.0.0
      core-util-is: 1.0.2
      extsprintf: 1.4.1
    dev: false

  /which@2.0.2:
    resolution: {integrity: sha512-BLI3Tl1TW3Pvl70l3yq3Y64i+awpwXqsGBYWkkqMtnbXgrMD+yj7rhW0kuEDxzJaYXGjEW5ogapKNMEKNMjibA==}
    engines: {node: '>= 8'}
    hasBin: true
    dependencies:
      isexe: 2.0.0
    dev: false

  /winston@0.7.3:
    resolution: {integrity: sha512-iVTT8tf9YnTyfZX+aEUj2fl6WBRet7za6vdjMeyF8SA80Vii2rreM5XH+5qmpBV9uJGj8jz8BozvTDcroVq/eA==}
    engines: {node: '>= 0.6.0'}
    dependencies:
      async: 0.2.10
      colors: 0.6.2
      cycle: 1.0.3
      eyes: 0.1.8
      pkginfo: 0.3.1
      request: 2.16.6
      stack-trace: 0.0.10
    dev: false

  /wordwrap@0.0.3:
    resolution: {integrity: sha512-1tMA907+V4QmxV7dbRvb4/8MaRALK6q9Abid3ndMYnbyo8piisCmeONVqVSXqQA3KaP4SLt5b7ud6E2sqP8TFw==}
    engines: {node: '>=0.4.0'}
    dev: false

  /wrappy@1.0.2:
    resolution: {integrity: sha512-l4Sp/DRseor9wL6EvV2+TuQn63dMkPjZ/sp9XkghTEbV9KlPS1xUsZ3u7/IQO4wxtcFB4bgpQPRcR3QCvezPcQ==}
    dev: false

  /ws@0.4.31:
    resolution: {integrity: sha512-mWiVQ9qZGPXvLxQ4xGy58Ix5Bw0L99SB+hDT8L59bty4fbnQczaGl4YEWR7AzLQGbvPn/30r9/o41dPiSuUmYw==}
    engines: {node: '>=0.4.0'}
    hasBin: true
    requiresBuild: true
    peerDependencies:
      bufferutil: ^4.0.1
      utf-8-validate: ^5.0.2
    peerDependenciesMeta:
      bufferutil:
        optional: true
      utf-8-validate:
        optional: true
    dependencies:
      commander: 0.6.1
      nan: 0.3.2
      options: 0.0.6
      tinycolor: 0.0.1
    dev: false

  /xtend@4.0.2:
    resolution: {integrity: sha512-LKYU1iAXJXUgAXn9URjiu+MWhyUXHsvfp7mcuYm9dSUKK0/CjtrUwFAxD82/mCWbtLsGjFIad0wIsod4zrTAEQ==}
    engines: {node: '>=0.4'}
    dev: false

  /yallist@4.0.0:
    resolution: {integrity: sha512-3wdGidZyq5PB084XLES5TpOSRA3wjXAlIWMhum2kRcv/41Sn2emQ0dycQW4uZXLejwKvg6EsvbdlVL+FYEct7A==}
    dev: false

  '@github.com/LearnBoost/node-XMLHttpRequest/archive/0f36d0b5ebc03d85f860d42a64ae9791e1daa433.tar.gz':
    resolution: {tarball: https://github.com/LearnBoost/node-XMLHttpRequest/archive/0f36d0b5ebc03d85f860d42a64ae9791e1daa433.tar.gz}
    name: xmlhttprequest
    version: 1.5.0
    engines: {node: '>=0.4.0'}
    dev: false

  '@github.com/component/emitter/archive/1.0.1.tar.gz':
    resolution: {tarball: http://github.com/component/emitter/archive/1.0.1.tar.gz}
    name: emitter
    version: 1.0.1
    dependencies:
      indexof: 0.0.1
    dev: false

  '@github.com/component/global/archive/v2.0.1.tar.gz':
    resolution: {tarball: https://github.com/component/global/archive/v2.0.1.tar.gz}
    name: global
    version: 2.0.1
    dev: false
